
Microsoft Visual Studio Solution File, Format Version 12.00
# Visual Studio Version 17
VisualStudioVersion = 17.2.32519.379
MinimumVisualStudioVersion = 10.0.40219.1
Project("{FAE04EC0-301F-11D3-BF4B-00C04F79EFBC}") = "pryAccesoBaseDatos", "pryAccesoBaseDatos\pryAccesoBaseDatos.csproj", "{BB80D8EA-AF0F-4381-8E3A-0ECD2EBF6946}"
EndProject
Global
	GlobalSection(SolutionConfigurationPlatforms) = preSolution
		Debug|Any CPU = Debug|Any CPU
		Release|Any CPU = Release|Any CPU
	EndGlobalSection
	GlobalSection(ProjectConfigurationPlatforms) = postSolution
		{BB80D8EA-AF0F-4381-8E3A-0ECD2EBF6946}.Debug|Any CPU.ActiveCfg = Debug|Any CPU
		{BB80D8EA-AF0F-4381-8E3A-0ECD2EBF6946}.Debug|Any CPU.Build.0 = Debug|Any CPU
		{BB80D8EA-AF0F-4381-8E3A-0ECD2EBF6946}.Release|Any CPU.ActiveCfg = Release|Any CPU
		{BB80D8EA-AF0F-4381-8E3A-0ECD2EBF6946}.Release|Any CPU.Build.0 = Release|Any CPU
	EndGlobalSection
	GlobalSection(SolutionProperties) = preSolution
		HideSolutionNode = FALSE
	EndGlobalSection
	GlobalSection(ExtensibilityGlobals) = postSolution
		SolutionGuid = {B4D32694-DBFD-4336-B73C-2412917870E0}
	EndGlobalSection
EndGlobal
